
Microsoft Visual Studio Solution File, Format Version 12.00
# Visual Studio Version 16
VisualStudioVersion = 16.0.32630.194
MinimumVisualStudioVersion = 10.0.40219.1
Project("{FAE04EC0-301F-11D3-BF4B-00C04F79EFBC}") = "DataTemplates", "DataTemplates\DataTemplates.csproj", "{233F5E01-7C35-4443-892E-44FC004DF176}"
EndProject
Global
	GlobalSection(SolutionConfigurationPlatforms) = preSolution
		Debug|Any CPU = Debug|Any CPU
		Release|Any CPU = Release|Any CPU
	EndGlobalSection
	GlobalSection(ProjectConfigurationPlatforms) = postSolution
		{233F5E01-7C35-4443-892E-44FC004DF176}.Debug|Any CPU.ActiveCfg = Debug|Any CPU
		{233F5E01-7C35-4443-892E-44FC004DF176}.Debug|Any CPU.Build.0 = Debug|Any CPU
		{233F5E01-7C35-4443-892E-44FC004DF176}.Release|Any CPU.ActiveCfg = Release|Any CPU
		{233F5E01-7C35-4443-892E-44FC004DF176}.Release|Any CPU.Build.0 = Release|Any CPU
	EndGlobalSection
	GlobalSection(SolutionProperties) = preSolution
		HideSolutionNode = FALSE
	EndGlobalSection
	GlobalSection(ExtensibilityGlobals) = postSolution
		SolutionGuid = {5B6F2E47-30CD-40E6-9721-92AF2C35B4B1}
	EndGlobalSection
EndGlobal
